
Microsoft Visual Studio Solution File, Format Version 12.00
# Visual Studio Version 17
VisualStudioVersion = 17.2.32602.215
MinimumVisualStudioVersion = 10.0.40219.1
Project("{9A19103F-16F7-4668-BE54-9A1E7A4F7556}") = "PassManager.Domain", "PassManager.Interfaces\PassManager.Domain.csproj", "{3C7D8D07-7DDD-4BC6-863F-FE257335C395}"
EndProject
Project("{9A19103F-16F7-4668-BE54-9A1E7A4F7556}") = "PassManager.Winforms", "PassManager.Winforms\PassManager.Winforms.csproj", "{EE55E8ED-4A44-4DE6-A1CA-C8FD16259F02}"
EndProject
Project("{9A19103F-16F7-4668-BE54-9A1E7A4F7556}") = "PassManager.Business", "PassManager.Business\PassManager.Business.csproj", "{607C7021-6FC0-408D-AD0B-83E867A3AA48}"
EndProject
Project("{9A19103F-16F7-4668-BE54-9A1E7A4F7556}") = "PassManager.Data", "PassManager.Data\PassManager.Data.csproj", "{38ADA35B-FF68-45C4-9BAC-1C18E39F7EE8}"
EndProject
Project("{FAE04EC0-301F-11D3-BF4B-00C04F79EFBC}") = "PassManager.api", "PassManager.api\PassManager.api.csproj", "{83D80D4C-072E-4DAE-8E60-44EDE5E053E6}"
EndProject
Global
	GlobalSection(SolutionConfigurationPlatforms) = preSolution
		Debug|Any CPU = Debug|Any CPU
		Release|Any CPU = Release|Any CPU
	EndGlobalSection
	GlobalSection(ProjectConfigurationPlatforms) = postSolution
		{3C7D8D07-7DDD-4BC6-863F-FE257335C395}.Debug|Any CPU.ActiveCfg = Debug|Any CPU
		{3C7D8D07-7DDD-4BC6-863F-FE257335C395}.Debug|Any CPU.Build.0 = Debug|Any CPU
		{3C7D8D07-7DDD-4BC6-863F-FE257335C395}.Release|Any CPU.ActiveCfg = Release|Any CPU
		{3C7D8D07-7DDD-4BC6-863F-FE257335C395}.Release|Any CPU.Build.0 = Release|Any CPU
		{EE55E8ED-4A44-4DE6-A1CA-C8FD16259F02}.Debug|Any CPU.ActiveCfg = Debug|Any CPU
		{EE55E8ED-4A44-4DE6-A1CA-C8FD16259F02}.Debug|Any CPU.Build.0 = Debug|Any CPU
		{EE55E8ED-4A44-4DE6-A1CA-C8FD16259F02}.Release|Any CPU.ActiveCfg = Release|Any CPU
		{EE55E8ED-4A44-4DE6-A1CA-C8FD16259F02}.Release|Any CPU.Build.0 = Release|Any CPU
		{607C7021-6FC0-408D-AD0B-83E867A3AA48}.Debug|Any CPU.ActiveCfg = Debug|Any CPU
		{607C7021-6FC0-408D-AD0B-83E867A3AA48}.Debug|Any CPU.Build.0 = Debug|Any CPU
		{607C7021-6FC0-408D-AD0B-83E867A3AA48}.Release|Any CPU.ActiveCfg = Release|Any CPU
		{607C7021-6FC0-408D-AD0B-83E867A3AA48}.Release|Any CPU.Build.0 = Release|Any CPU
		{38ADA35B-FF68-45C4-9BAC-1C18E39F7EE8}.Debug|Any CPU.ActiveCfg = Debug|Any CPU
		{38ADA35B-FF68-45C4-9BAC-1C18E39F7EE8}.Debug|Any CPU.Build.0 = Debug|Any CPU
		{38ADA35B-FF68-45C4-9BAC-1C18E39F7EE8}.Release|Any CPU.ActiveCfg = Release|Any CPU
		{38ADA35B-FF68-45C4-9BAC-1C18E39F7EE8}.Release|Any CPU.Build.0 = Release|Any CPU
		{83D80D4C-072E-4DAE-8E60-44EDE5E053E6}.Debug|Any CPU.ActiveCfg = Debug|Any CPU
		{83D80D4C-072E-4DAE-8E60-44EDE5E053E6}.Debug|Any CPU.Build.0 = Debug|Any CPU
		{83D80D4C-072E-4DAE-8E60-44EDE5E053E6}.Release|Any CPU.ActiveCfg = Release|Any CPU
		{83D80D4C-072E-4DAE-8E60-44EDE5E053E6}.Release|Any CPU.Build.0 = Release|Any CPU
	EndGlobalSection
	GlobalSection(SolutionProperties) = preSolution
		HideSolutionNode = FALSE
	EndGlobalSection
	GlobalSection(ExtensibilityGlobals) = postSolution
		SolutionGuid = {DE844251-702F-4B8A-BCB2-38C6758BF4D4}
	EndGlobalSection
EndGlobal
